
Microsoft Visual Studio Solution File, Format Version 11.00
# Visual Studio 2010
Project("{FAE04EC0-301F-11D3-BF4B-00C04F79EFBC}") = "MvcApplication", "MvcApplication\MvcApplication.csproj", "{652C5BAA-7E94-443B-AED0-ADA86B068751}"
EndProject
Global
	GlobalSection(SolutionConfigurationPlatforms) = preSolution
		Debug|Any CPU = Debug|Any CPU
		Release|Any CPU = Release|Any CPU
	EndGlobalSection
	GlobalSection(ProjectConfigurationPlatforms) = postSolution
		{652C5BAA-7E94-443B-AED0-ADA86B068751}.Debug|Any CPU.ActiveCfg = Debug|Any CPU
		{652C5BAA-7E94-443B-AED0-ADA86B068751}.Debug|Any CPU.Build.0 = Debug|Any CPU
		{652C5BAA-7E94-443B-AED0-ADA86B068751}.Release|Any CPU.ActiveCfg = Release|Any CPU
		{652C5BAA-7E94-443B-AED0-ADA86B068751}.Release|Any CPU.Build.0 = Release|Any CPU
	EndGlobalSection
	GlobalSection(SolutionProperties) = preSolution
		HideSolutionNode = FALSE
	EndGlobalSection
EndGlobal
